
Microsoft Visual Studio Solution File, Format Version 12.00
# Visual Studio Version 17
VisualStudioVersion = 17.10.34916.146
MinimumVisualStudioVersion = 10.0.40219.1
Project("{9A19103F-16F7-4668-BE54-9A1E7A4F7556}") = "GenReport", "GenReport.csproj", "{B55C7601-0C38-4AED-96DA-20CE42F11A01}"
EndProject
Project("{9A19103F-16F7-4668-BE54-9A1E7A4F7556}") = "GenReport.Infrastructure", "..\GenReport.Infrastructure\GenReport.Infrastructure.csproj", "{607FA304-9ADF-42BB-89B6-6A507253EDDB}"
EndProject
Project("{9A19103F-16F7-4668-BE54-9A1E7A4F7556}") = "GenReport.DB", "..\GenReport.DB\GenReport.DB.csproj", "{F450CFE9-8742-4FA2-8FB1-9AF92EC03EB0}"
EndProject
Project("{9A19103F-16F7-4668-BE54-9A1E7A4F7556}") = "GenReport.Tests", "..\GenReport.Tests\GenReport.Tests.csproj", "{AC0F5B2C-B8FA-4B8E-939A-C81A64CE47AC}"
EndProject
Project("{9A19103F-16F7-4668-BE54-9A1E7A4F7556}") = "Grepo.QueryGenerator", "..\Grepo.QueryGenerator\Grepo.QueryGenerator.csproj", "{B57DF4BB-FD10-42C5-A49B-15F89BE57538}"
EndProject
Project("{FAE04EC0-301F-11D3-BF4B-00C04F79EFBC}") = "Grepo.Jobs", "..\Grepo.Jobs\Grepo.Jobs.csproj", "{1D01EA49-C47D-4D15-8171-80DA54BCE4A5}"
EndProject
Global
	GlobalSection(SolutionConfigurationPlatforms) = preSolution
		Debug|Any CPU = Debug|Any CPU
		Release|Any CPU = Release|Any CPU
	EndGlobalSection
	GlobalSection(ProjectConfigurationPlatforms) = postSolution
		{B55C7601-0C38-4AED-96DA-20CE42F11A01}.Debug|Any CPU.ActiveCfg = Debug|Any CPU
		{B55C7601-0C38-4AED-96DA-20CE42F11A01}.Debug|Any CPU.Build.0 = Debug|Any CPU
		{B55C7601-0C38-4AED-96DA-20CE42F11A01}.Release|Any CPU.ActiveCfg = Release|Any CPU
		{B55C7601-0C38-4AED-96DA-20CE42F11A01}.Release|Any CPU.Build.0 = Release|Any CPU
		{607FA304-9ADF-42BB-89B6-6A507253EDDB}.Debug|Any CPU.ActiveCfg = Debug|Any CPU
		{607FA304-9ADF-42BB-89B6-6A507253EDDB}.Debug|Any CPU.Build.0 = Debug|Any CPU
		{607FA304-9ADF-42BB-89B6-6A507253EDDB}.Release|Any CPU.ActiveCfg = Release|Any CPU
		{607FA304-9ADF-42BB-89B6-6A507253EDDB}.Release|Any CPU.Build.0 = Release|Any CPU
		{F450CFE9-8742-4FA2-8FB1-9AF92EC03EB0}.Debug|Any CPU.ActiveCfg = Debug|Any CPU
		{F450CFE9-8742-4FA2-8FB1-9AF92EC03EB0}.Debug|Any CPU.Build.0 = Debug|Any CPU
		{F450CFE9-8742-4FA2-8FB1-9AF92EC03EB0}.Release|Any CPU.ActiveCfg = Release|Any CPU
		{F450CFE9-8742-4FA2-8FB1-9AF92EC03EB0}.Release|Any CPU.Build.0 = Release|Any CPU
		{AC0F5B2C-B8FA-4B8E-939A-C81A64CE47AC}.Debug|Any CPU.ActiveCfg = Debug|Any CPU
		{AC0F5B2C-B8FA-4B8E-939A-C81A64CE47AC}.Debug|Any CPU.Build.0 = Debug|Any CPU
		{AC0F5B2C-B8FA-4B8E-939A-C81A64CE47AC}.Release|Any CPU.ActiveCfg = Release|Any CPU
		{AC0F5B2C-B8FA-4B8E-939A-C81A64CE47AC}.Release|Any CPU.Build.0 = Release|Any CPU
		{B57DF4BB-FD10-42C5-A49B-15F89BE57538}.Debug|Any CPU.ActiveCfg = Debug|Any CPU
		{B57DF4BB-FD10-42C5-A49B-15F89BE57538}.Debug|Any CPU.Build.0 = Debug|Any CPU
		{B57DF4BB-FD10-42C5-A49B-15F89BE57538}.Release|Any CPU.ActiveCfg = Release|Any CPU
		{B57DF4BB-FD10-42C5-A49B-15F89BE57538}.Release|Any CPU.Build.0 = Release|Any CPU
		{1D01EA49-C47D-4D15-8171-80DA54BCE4A5}.Debug|Any CPU.ActiveCfg = Debug|Any CPU
		{1D01EA49-C47D-4D15-8171-80DA54BCE4A5}.Debug|Any CPU.Build.0 = Debug|Any CPU
		{1D01EA49-C47D-4D15-8171-80DA54BCE4A5}.Release|Any CPU.ActiveCfg = Release|Any CPU
		{1D01EA49-C47D-4D15-8171-80DA54BCE4A5}.Release|Any CPU.Build.0 = Release|Any CPU
	EndGlobalSection
	GlobalSection(SolutionProperties) = preSolution
		HideSolutionNode = FALSE
	EndGlobalSection
	GlobalSection(ExtensibilityGlobals) = postSolution
		SolutionGuid = {20784824-EC44-45D3-A3C9-AE5BC26A0B5F}
	EndGlobalSection
EndGlobal
